
Microsoft Visual Studio Solution File, Format Version 12.00
# Visual Studio 15
VisualStudioVersion = 15.0.28010.2048
MinimumVisualStudioVersion = 10.0.40219.1
Project("{FAE04EC0-301F-11D3-BF4B-00C04F79EFBC}") = "MyEncryptedMessagingTry", "MyEncryptedMessagingTry\MyEncryptedMessagingTry.csproj", "{5BEF3C84-8AA1-4329-AFD2-FBC6657492B8}"
EndProject
Global
	GlobalSection(SolutionConfigurationPlatforms) = preSolution
		Debug|Any CPU = Debug|Any CPU
		Release|Any CPU = Release|Any CPU
	EndGlobalSection
	GlobalSection(ProjectConfigurationPlatforms) = postSolution
		{5BEF3C84-8AA1-4329-AFD2-FBC6657492B8}.Debug|Any CPU.ActiveCfg = Debug|Any CPU
		{5BEF3C84-8AA1-4329-AFD2-FBC6657492B8}.Debug|Any CPU.Build.0 = Debug|Any CPU
		{5BEF3C84-8AA1-4329-AFD2-FBC6657492B8}.Release|Any CPU.ActiveCfg = Release|Any CPU
		{5BEF3C84-8AA1-4329-AFD2-FBC6657492B8}.Release|Any CPU.Build.0 = Release|Any CPU
	EndGlobalSection
	GlobalSection(SolutionProperties) = preSolution
		HideSolutionNode = FALSE
	EndGlobalSection
	GlobalSection(ExtensibilityGlobals) = postSolution
		SolutionGuid = {8FDA907F-0ADC-42CF-B64F-71BEE4F48B27}
	EndGlobalSection
EndGlobal
